{
  "name": "tg-heroku-bot",
  "version": "1.0.0",
  "lockfileVersion": 1,
  "requires": true,
  "dependencies": {
    "abort-controller": {
      "version": "3.0.0",
      "resolved": "https://artifactory.infrateam.xyz:443/api/npm/npm/abort-controller/-/abort-controller-3.0.0.tgz",
      "integrity": "sha1-6vVNU7YrrkE46AnKIlyEOabvs5I=",
      "requires": {
        "event-target-shim": "^5.0.0"
      }
    },
    "axios": {
      "version": "0.21.1",
      "resolved": "https://artifactory.infrateam.xyz:443/api/npm/npm/axios/-/axios-0.21.1.tgz",
      "integrity": "sha1-IlY0gZYvTWvemnbVFu8OXTwJsrg=",
      "requires": {
        "follow-redirects": "^1.10.0"
      }
    },
    "buffer-alloc": {
      "version": "1.2.0",
      "resolved": "https://artifactory.infrateam.xyz:443/api/npm/npm/buffer-alloc/-/buffer-alloc-1.2.0.tgz",
      "integrity": "sha1-iQ3ZDZI6hz4I4Q5f1RpX5bfM4Ow=",
      "requires": {
        "buffer-alloc-unsafe": "^1.1.0",
        "buffer-fill": "^1.0.0"
      }
    },
    "buffer-alloc-unsafe": {
      "version": "1.1.0",
      "resolved": "https://artifactory.infrateam.xyz:443/api/npm/npm/buffer-alloc-unsafe/-/buffer-alloc-unsafe-1.1.0.tgz",
      "integrity": "sha1-vX3CauKXLQ7aJTvgYdupkjScGfA="
    },
    "buffer-fill": {
      "version": "1.0.0",
      "resolved": "https://artifactory.infrateam.xyz:443/api/npm/npm/buffer-fill/-/buffer-fill-1.0.0.tgz",
      "integrity": "sha1-+PeLdniYiO858gXNY39o5wISKyw="
    },
    "currency-codes": {
      "version": "2.1.0",
      "resolved": "https://artifactory.infrateam.xyz:443/api/npm/npm/currency-codes/-/currency-codes-2.1.0.tgz",
      "integrity": "sha1-bYSht/7HDsue9k5Xv2D0JxiZBEw=",
      "requires": {
        "first-match": "~0.0.1",
        "nub": "~0.0.0"
      }
    },
    "debug": {
      "version": "4.3.1",
      "resolved": "https://artifactory.infrateam.xyz:443/api/npm/npm/debug/-/debug-4.3.1.tgz",
      "integrity": "sha1-8NIpxQXgxtjEmsVT0bE9wYP2su4=",
      "requires": {
        "ms": "2.1.2"
      }
    },
    "dotenv": {
      "version": "10.0.0",
      "resolved": "https://artifactory.infrateam.xyz:443/api/npm/npm/dotenv/-/dotenv-10.0.0.tgz",
      "integrity": "sha1-PUInuPuV+BCWzdK2ZlP7LHCFuoE="
    },
    "event-target-shim": {
      "version": "5.0.1",
      "resolved": "https://artifactory.infrateam.xyz:443/api/npm/npm/event-target-shim/-/event-target-shim-5.0.1.tgz",
      "integrity": "sha1-XU0+vflYPWOlMzzi3rdICrKwV4k="
    },
    "first-match": {
      "version": "0.0.1",
      "resolved": "https://artifactory.infrateam.xyz:443/api/npm/npm/first-match/-/first-match-0.0.1.tgz",
      "integrity": "sha1-pg7GQnAPD0NyNOu37D84JHblQv0="
    },
    "follow-redirects": {
      "version": "1.14.1",
      "resolved": "https://artifactory.infrateam.xyz:443/api/npm/npm/follow-redirects/-/follow-redirects-1.14.1.tgz",
      "integrity": "sha1-2RFN7Qoc/dM04WTmZirQK/2R/0M="
    },
    "minimist": {
      "version": "1.2.5",
      "resolved": "https://artifactory.infrateam.xyz:443/api/npm/npm/minimist/-/minimist-1.2.5.tgz",
      "integrity": "sha1-Z9ZgFLZqaoqqDAg8X9WN9OTpdgI="
    },
    "module-alias": {
      "version": "2.2.2",
      "resolved": "https://artifactory.infrateam.xyz:443/api/npm/npm/module-alias/-/module-alias-2.2.2.tgz",
      "integrity": "sha1-FRzc7MJOJXOf8KpuUeHFcWl0wOA="
    },
    "ms": {
      "version": "2.1.2",
      "resolved": "https://artifactory.infrateam.xyz:443/api/npm/npm/ms/-/ms-2.1.2.tgz",
      "integrity": "sha1-0J0fNXtEP0kzgqjrPM0YOHKuYAk="
    },
    "node-fetch": {
      "version": "2.6.1",
      "resolved": "https://artifactory.infrateam.xyz:443/api/npm/npm/node-fetch/-/node-fetch-2.6.1.tgz",
      "integrity": "sha1-BFvTI2Mfdu0uK1VXM5RBa2OaAFI="
    },
    "nub": {
      "version": "0.0.0",
      "resolved": "https://artifactory.infrateam.xyz:443/api/npm/npm/nub/-/nub-0.0.0.tgz",
      "integrity": "sha1-s2m9Mr3eZq9ZYFw7BSC8IZ3MwE8="
    },
    "p-timeout": {
      "version": "4.1.0",
      "resolved": "https://artifactory.infrateam.xyz:443/api/npm/npm/p-timeout/-/p-timeout-4.1.0.tgz",
      "integrity": "sha1-eIJTwEUqsP/s8Ypi3/lP8b0Jygo="
    },
    "safe-compare": {
      "version": "1.1.4",
      "resolved": "https://artifactory.infrateam.xyz:443/api/npm/npm/safe-compare/-/safe-compare-1.1.4.tgz",
      "integrity": "sha1-XgEoU4qCgg4uklDNeORdpnhrpZM=",
      "requires": {
        "buffer-alloc": "^1.2.0"
      }
    },
    "sandwich-stream": {
      "version": "2.0.2",
      "resolved": "https://artifactory.infrateam.xyz:443/api/npm/npm/sandwich-stream/-/sandwich-stream-2.0.2.tgz",
      "integrity": "sha1-bR/rbPfp/p+ttBUTRZpywuhAAPo="
    },
    "telegraf": {
      "version": "4.3.0",
      "resolved": "https://artifactory.infrateam.xyz:443/api/npm/npm/telegraf/-/telegraf-4.3.0.tgz",
      "integrity": "sha1-yWgxkr24Hnx/uwTPHOdQ+zTecUk=",
      "requires": {
        "abort-controller": "^3.0.0",
        "debug": "^4.3.1",
        "minimist": "^1.2.5",
        "module-alias": "^2.2.2",
        "node-fetch": "^2.6.1",
        "p-timeout": "^4.1.0",
        "safe-compare": "^1.1.4",
        "sandwich-stream": "^2.0.2",
        "typegram": "^3.2.0"
      }
    },
    "typegram": {
      "version": "3.3.1",
      "resolved": "https://artifactory.infrateam.xyz:443/api/npm/npm/typegram/-/typegram-3.3.1.tgz",
      "integrity": "sha1-rxyoVzUKJw7QZftwjBm6s24NYac="
    }
  }
}
